
Microsoft Visual Studio Solution File, Format Version 12.00
# Visual Studio Version 16
VisualStudioVersion = 16.0.31702.278
MinimumVisualStudioVersion = 10.0.40219.1
Project("{8BC9CEB8-8B4A-11D0-8D11-00A0C91BC942}") = "8a", "8a\8a.vcxproj", "{81B416E7-2066-42DD-A91D-D92DADCAF845}"
EndProject
Project("{8BC9CEB8-8B4A-11D0-8D11-00A0C91BC942}") = "8б", "8б\8б.vcxproj", "{45814E6D-7196-4D81-8600-9FCBB287DF1F}"
EndProject
Global
	GlobalSection(SolutionConfigurationPlatforms) = preSolution
		Debug|x64 = Debug|x64
		Debug|x86 = Debug|x86
		Release|x64 = Release|x64
		Release|x86 = Release|x86
	EndGlobalSection
	GlobalSection(ProjectConfigurationPlatforms) = postSolution
		{81B416E7-2066-42DD-A91D-D92DADCAF845}.Debug|x64.ActiveCfg = Debug|x64
		{81B416E7-2066-42DD-A91D-D92DADCAF845}.Debug|x64.Build.0 = Debug|x64
		{81B416E7-2066-42DD-A91D-D92DADCAF845}.Debug|x86.ActiveCfg = Debug|Win32
		{81B416E7-2066-42DD-A91D-D92DADCAF845}.Debug|x86.Build.0 = Debug|Win32
		{81B416E7-2066-42DD-A91D-D92DADCAF845}.Release|x64.ActiveCfg = Release|x64
		{81B416E7-2066-42DD-A91D-D92DADCAF845}.Release|x64.Build.0 = Release|x64
		{81B416E7-2066-42DD-A91D-D92DADCAF845}.Release|x86.ActiveCfg = Release|Win32
		{81B416E7-2066-42DD-A91D-D92DADCAF845}.Release|x86.Build.0 = Release|Win32
		{45814E6D-7196-4D81-8600-9FCBB287DF1F}.Debug|x64.ActiveCfg = Debug|x64
		{45814E6D-7196-4D81-8600-9FCBB287DF1F}.Debug|x64.Build.0 = Debug|x64
		{45814E6D-7196-4D81-8600-9FCBB287DF1F}.Debug|x86.ActiveCfg = Debug|Win32
		{45814E6D-7196-4D81-8600-9FCBB287DF1F}.Debug|x86.Build.0 = Debug|Win32
		{45814E6D-7196-4D81-8600-9FCBB287DF1F}.Release|x64.ActiveCfg = Release|x64
		{45814E6D-7196-4D81-8600-9FCBB287DF1F}.Release|x64.Build.0 = Release|x64
		{45814E6D-7196-4D81-8600-9FCBB287DF1F}.Release|x86.ActiveCfg = Release|Win32
		{45814E6D-7196-4D81-8600-9FCBB287DF1F}.Release|x86.Build.0 = Release|Win32
	EndGlobalSection
	GlobalSection(SolutionProperties) = preSolution
		HideSolutionNode = FALSE
	EndGlobalSection
	GlobalSection(ExtensibilityGlobals) = postSolution
		SolutionGuid = {3EFBEDBE-0DF5-4AB1-B1A6-0DCC87054C2C}
	EndGlobalSection
EndGlobal
