
Microsoft Visual Studio Solution File, Format Version 12.00
# Visual Studio Version 16
VisualStudioVersion = 16.0.31229.75
MinimumVisualStudioVersion = 10.0.40219.1
Project("{8BC9CEB8-8B4A-11D0-8D11-00A0C91BC942}") = "!10А", "!10А\!10А.vcxproj", "{C0409479-7837-457E-9935-0D90A64F93D4}"
EndProject
Project("{8BC9CEB8-8B4A-11D0-8D11-00A0C91BC942}") = "!10Б", "!10Б\!10Б.vcxproj", "{6A4B0C09-DEE2-430F-947D-D0202192B401}"
EndProject
Project("{8BC9CEB8-8B4A-11D0-8D11-00A0C91BC942}") = "!10В", "!10В\!10В.vcxproj", "{5CB86D0B-9A55-4935-A8A5-DB514D123AC8}"
EndProject
Project("{8BC9CEB8-8B4A-11D0-8D11-00A0C91BC942}") = "!10Г", "!10Г\!10Г.vcxproj", "{AC76C08F-9FD9-413B-BF42-BBE2F2E2BEEF}"
EndProject
Project("{8BC9CEB8-8B4A-11D0-8D11-00A0C91BC942}") = "!10Д", "!10Д\!10Д.vcxproj", "{6255A4E4-2434-4C53-B69D-8F207C257245}"
EndProject
Project("{8BC9CEB8-8B4A-11D0-8D11-00A0C91BC942}") = "!10Е", "!10Е\!10Е.vcxproj", "{E852E538-EDEC-4143-A615-7FB3093C2ABE}"
EndProject
Global
	GlobalSection(SolutionConfigurationPlatforms) = preSolution
		Debug|x64 = Debug|x64
		Debug|x86 = Debug|x86
		Release|x64 = Release|x64
		Release|x86 = Release|x86
	EndGlobalSection
	GlobalSection(ProjectConfigurationPlatforms) = postSolution
		{C0409479-7837-457E-9935-0D90A64F93D4}.Debug|x64.ActiveCfg = Debug|x64
		{C0409479-7837-457E-9935-0D90A64F93D4}.Debug|x64.Build.0 = Debug|x64
		{C0409479-7837-457E-9935-0D90A64F93D4}.Debug|x86.ActiveCfg = Debug|Win32
		{C0409479-7837-457E-9935-0D90A64F93D4}.Debug|x86.Build.0 = Debug|Win32
		{C0409479-7837-457E-9935-0D90A64F93D4}.Release|x64.ActiveCfg = Release|x64
		{C0409479-7837-457E-9935-0D90A64F93D4}.Release|x64.Build.0 = Release|x64
		{C0409479-7837-457E-9935-0D90A64F93D4}.Release|x86.ActiveCfg = Release|Win32
		{C0409479-7837-457E-9935-0D90A64F93D4}.Release|x86.Build.0 = Release|Win32
		{6A4B0C09-DEE2-430F-947D-D0202192B401}.Debug|x64.ActiveCfg = Debug|x64
		{6A4B0C09-DEE2-430F-947D-D0202192B401}.Debug|x64.Build.0 = Debug|x64
		{6A4B0C09-DEE2-430F-947D-D0202192B401}.Debug|x86.ActiveCfg = Debug|Win32
		{6A4B0C09-DEE2-430F-947D-D0202192B401}.Debug|x86.Build.0 = Debug|Win32
		{6A4B0C09-DEE2-430F-947D-D0202192B401}.Release|x64.ActiveCfg = Release|x64
		{6A4B0C09-DEE2-430F-947D-D0202192B401}.Release|x64.Build.0 = Release|x64
		{6A4B0C09-DEE2-430F-947D-D0202192B401}.Release|x86.ActiveCfg = Release|Win32
		{6A4B0C09-DEE2-430F-947D-D0202192B401}.Release|x86.Build.0 = Release|Win32
		{5CB86D0B-9A55-4935-A8A5-DB514D123AC8}.Debug|x64.ActiveCfg = Debug|x64
		{5CB86D0B-9A55-4935-A8A5-DB514D123AC8}.Debug|x64.Build.0 = Debug|x64
		{5CB86D0B-9A55-4935-A8A5-DB514D123AC8}.Debug|x86.ActiveCfg = Debug|Win32
		{5CB86D0B-9A55-4935-A8A5-DB514D123AC8}.Debug|x86.Build.0 = Debug|Win32
		{5CB86D0B-9A55-4935-A8A5-DB514D123AC8}.Release|x64.ActiveCfg = Release|x64
		{5CB86D0B-9A55-4935-A8A5-DB514D123AC8}.Release|x64.Build.0 = Release|x64
		{5CB86D0B-9A55-4935-A8A5-DB514D123AC8}.Release|x86.ActiveCfg = Release|Win32
		{5CB86D0B-9A55-4935-A8A5-DB514D123AC8}.Release|x86.Build.0 = Release|Win32
		{AC76C08F-9FD9-413B-BF42-BBE2F2E2BEEF}.Debug|x64.ActiveCfg = Debug|x64
		{AC76C08F-9FD9-413B-BF42-BBE2F2E2BEEF}.Debug|x64.Build.0 = Debug|x64
		{AC76C08F-9FD9-413B-BF42-BBE2F2E2BEEF}.Debug|x86.ActiveCfg = Debug|Win32
		{AC76C08F-9FD9-413B-BF42-BBE2F2E2BEEF}.Debug|x86.Build.0 = Debug|Win32
		{AC76C08F-9FD9-413B-BF42-BBE2F2E2BEEF}.Release|x64.ActiveCfg = Release|x64
		{AC76C08F-9FD9-413B-BF42-BBE2F2E2BEEF}.Release|x64.Build.0 = Release|x64
		{AC76C08F-9FD9-413B-BF42-BBE2F2E2BEEF}.Release|x86.ActiveCfg = Release|Win32
		{AC76C08F-9FD9-413B-BF42-BBE2F2E2BEEF}.Release|x86.Build.0 = Release|Win32
		{6255A4E4-2434-4C53-B69D-8F207C257245}.Debug|x64.ActiveCfg = Debug|x64
		{6255A4E4-2434-4C53-B69D-8F207C257245}.Debug|x64.Build.0 = Debug|x64
		{6255A4E4-2434-4C53-B69D-8F207C257245}.Debug|x86.ActiveCfg = Debug|Win32
		{6255A4E4-2434-4C53-B69D-8F207C257245}.Debug|x86.Build.0 = Debug|Win32
		{6255A4E4-2434-4C53-B69D-8F207C257245}.Release|x64.ActiveCfg = Release|x64
		{6255A4E4-2434-4C53-B69D-8F207C257245}.Release|x64.Build.0 = Release|x64
		{6255A4E4-2434-4C53-B69D-8F207C257245}.Release|x86.ActiveCfg = Release|Win32
		{6255A4E4-2434-4C53-B69D-8F207C257245}.Release|x86.Build.0 = Release|Win32
		{E852E538-EDEC-4143-A615-7FB3093C2ABE}.Debug|x64.ActiveCfg = Debug|x64
		{E852E538-EDEC-4143-A615-7FB3093C2ABE}.Debug|x64.Build.0 = Debug|x64
		{E852E538-EDEC-4143-A615-7FB3093C2ABE}.Debug|x86.ActiveCfg = Debug|Win32
		{E852E538-EDEC-4143-A615-7FB3093C2ABE}.Debug|x86.Build.0 = Debug|Win32
		{E852E538-EDEC-4143-A615-7FB3093C2ABE}.Release|x64.ActiveCfg = Release|x64
		{E852E538-EDEC-4143-A615-7FB3093C2ABE}.Release|x64.Build.0 = Release|x64
		{E852E538-EDEC-4143-A615-7FB3093C2ABE}.Release|x86.ActiveCfg = Release|Win32
		{E852E538-EDEC-4143-A615-7FB3093C2ABE}.Release|x86.Build.0 = Release|Win32
	EndGlobalSection
	GlobalSection(SolutionProperties) = preSolution
		HideSolutionNode = FALSE
	EndGlobalSection
	GlobalSection(ExtensibilityGlobals) = postSolution
		SolutionGuid = {2842E765-03A1-4009-9823-D7FB19DFAD09}
	EndGlobalSection
EndGlobal
