
Microsoft Visual Studio Solution File, Format Version 12.00
# Visual Studio Version 16
VisualStudioVersion = 16.0.31624.102
MinimumVisualStudioVersion = 10.0.40219.1
Project("{8BC9CEB8-8B4A-11D0-8D11-00A0C91BC942}") = "3", "3\3.vcxproj", "{52FB271B-FABD-4D8D-B1A3-F5F9B6EDE12E}"
EndProject
Project("{8BC9CEB8-8B4A-11D0-8D11-00A0C91BC942}") = "3a", "3a\3a.vcxproj", "{A207F85D-6E0A-4F1B-91A0-61766E0FE1AD}"
EndProject
Project("{8BC9CEB8-8B4A-11D0-8D11-00A0C91BC942}") = "3б", "3б\3б.vcxproj", "{511FEBBA-87DC-428F-9204-2D08B9AC30E4}"
EndProject
Project("{8BC9CEB8-8B4A-11D0-8D11-00A0C91BC942}") = "3в", "3в\3в.vcxproj", "{B8981B4F-1715-4FC0-9679-7F0B570CBF66}"
EndProject
Project("{8BC9CEB8-8B4A-11D0-8D11-00A0C91BC942}") = "3г", "3г\3г.vcxproj", "{50165A46-EA19-41F5-953D-2B52524B539D}"
EndProject
Project("{8BC9CEB8-8B4A-11D0-8D11-00A0C91BC942}") = "3д", "3д\3д.vcxproj", "{515D923B-A93C-40EB-B3FC-C54C6CEF2305}"
EndProject
Global
	GlobalSection(SolutionConfigurationPlatforms) = preSolution
		Debug|x64 = Debug|x64
		Debug|x86 = Debug|x86
		Release|x64 = Release|x64
		Release|x86 = Release|x86
	EndGlobalSection
	GlobalSection(ProjectConfigurationPlatforms) = postSolution
		{52FB271B-FABD-4D8D-B1A3-F5F9B6EDE12E}.Debug|x64.ActiveCfg = Debug|x64
		{52FB271B-FABD-4D8D-B1A3-F5F9B6EDE12E}.Debug|x64.Build.0 = Debug|x64
		{52FB271B-FABD-4D8D-B1A3-F5F9B6EDE12E}.Debug|x86.ActiveCfg = Debug|Win32
		{52FB271B-FABD-4D8D-B1A3-F5F9B6EDE12E}.Debug|x86.Build.0 = Debug|Win32
		{52FB271B-FABD-4D8D-B1A3-F5F9B6EDE12E}.Release|x64.ActiveCfg = Release|x64
		{52FB271B-FABD-4D8D-B1A3-F5F9B6EDE12E}.Release|x64.Build.0 = Release|x64
		{52FB271B-FABD-4D8D-B1A3-F5F9B6EDE12E}.Release|x86.ActiveCfg = Release|Win32
		{52FB271B-FABD-4D8D-B1A3-F5F9B6EDE12E}.Release|x86.Build.0 = Release|Win32
		{A207F85D-6E0A-4F1B-91A0-61766E0FE1AD}.Debug|x64.ActiveCfg = Debug|x64
		{A207F85D-6E0A-4F1B-91A0-61766E0FE1AD}.Debug|x64.Build.0 = Debug|x64
		{A207F85D-6E0A-4F1B-91A0-61766E0FE1AD}.Debug|x86.ActiveCfg = Debug|Win32
		{A207F85D-6E0A-4F1B-91A0-61766E0FE1AD}.Debug|x86.Build.0 = Debug|Win32
		{A207F85D-6E0A-4F1B-91A0-61766E0FE1AD}.Release|x64.ActiveCfg = Release|x64
		{A207F85D-6E0A-4F1B-91A0-61766E0FE1AD}.Release|x64.Build.0 = Release|x64
		{A207F85D-6E0A-4F1B-91A0-61766E0FE1AD}.Release|x86.ActiveCfg = Release|Win32
		{A207F85D-6E0A-4F1B-91A0-61766E0FE1AD}.Release|x86.Build.0 = Release|Win32
		{511FEBBA-87DC-428F-9204-2D08B9AC30E4}.Debug|x64.ActiveCfg = Debug|x64
		{511FEBBA-87DC-428F-9204-2D08B9AC30E4}.Debug|x64.Build.0 = Debug|x64
		{511FEBBA-87DC-428F-9204-2D08B9AC30E4}.Debug|x86.ActiveCfg = Debug|Win32
		{511FEBBA-87DC-428F-9204-2D08B9AC30E4}.Debug|x86.Build.0 = Debug|Win32
		{511FEBBA-87DC-428F-9204-2D08B9AC30E4}.Release|x64.ActiveCfg = Release|x64
		{511FEBBA-87DC-428F-9204-2D08B9AC30E4}.Release|x64.Build.0 = Release|x64
		{511FEBBA-87DC-428F-9204-2D08B9AC30E4}.Release|x86.ActiveCfg = Release|Win32
		{511FEBBA-87DC-428F-9204-2D08B9AC30E4}.Release|x86.Build.0 = Release|Win32
		{B8981B4F-1715-4FC0-9679-7F0B570CBF66}.Debug|x64.ActiveCfg = Debug|x64
		{B8981B4F-1715-4FC0-9679-7F0B570CBF66}.Debug|x64.Build.0 = Debug|x64
		{B8981B4F-1715-4FC0-9679-7F0B570CBF66}.Debug|x86.ActiveCfg = Debug|Win32
		{B8981B4F-1715-4FC0-9679-7F0B570CBF66}.Debug|x86.Build.0 = Debug|Win32
		{B8981B4F-1715-4FC0-9679-7F0B570CBF66}.Release|x64.ActiveCfg = Release|x64
		{B8981B4F-1715-4FC0-9679-7F0B570CBF66}.Release|x64.Build.0 = Release|x64
		{B8981B4F-1715-4FC0-9679-7F0B570CBF66}.Release|x86.ActiveCfg = Release|Win32
		{B8981B4F-1715-4FC0-9679-7F0B570CBF66}.Release|x86.Build.0 = Release|Win32
		{50165A46-EA19-41F5-953D-2B52524B539D}.Debug|x64.ActiveCfg = Debug|x64
		{50165A46-EA19-41F5-953D-2B52524B539D}.Debug|x64.Build.0 = Debug|x64
		{50165A46-EA19-41F5-953D-2B52524B539D}.Debug|x86.ActiveCfg = Debug|Win32
		{50165A46-EA19-41F5-953D-2B52524B539D}.Debug|x86.Build.0 = Debug|Win32
		{50165A46-EA19-41F5-953D-2B52524B539D}.Release|x64.ActiveCfg = Release|x64
		{50165A46-EA19-41F5-953D-2B52524B539D}.Release|x64.Build.0 = Release|x64
		{50165A46-EA19-41F5-953D-2B52524B539D}.Release|x86.ActiveCfg = Release|Win32
		{50165A46-EA19-41F5-953D-2B52524B539D}.Release|x86.Build.0 = Release|Win32
		{515D923B-A93C-40EB-B3FC-C54C6CEF2305}.Debug|x64.ActiveCfg = Debug|x64
		{515D923B-A93C-40EB-B3FC-C54C6CEF2305}.Debug|x64.Build.0 = Debug|x64
		{515D923B-A93C-40EB-B3FC-C54C6CEF2305}.Debug|x86.ActiveCfg = Debug|Win32
		{515D923B-A93C-40EB-B3FC-C54C6CEF2305}.Debug|x86.Build.0 = Debug|Win32
		{515D923B-A93C-40EB-B3FC-C54C6CEF2305}.Release|x64.ActiveCfg = Release|x64
		{515D923B-A93C-40EB-B3FC-C54C6CEF2305}.Release|x64.Build.0 = Release|x64
		{515D923B-A93C-40EB-B3FC-C54C6CEF2305}.Release|x86.ActiveCfg = Release|Win32
		{515D923B-A93C-40EB-B3FC-C54C6CEF2305}.Release|x86.Build.0 = Release|Win32
	EndGlobalSection
	GlobalSection(SolutionProperties) = preSolution
		HideSolutionNode = FALSE
	EndGlobalSection
	GlobalSection(ExtensibilityGlobals) = postSolution
		SolutionGuid = {529D6E81-EE76-4D5E-BDA3-4FC1EC8C9C40}
	EndGlobalSection
EndGlobal
