
Microsoft Visual Studio Solution File, Format Version 12.00
# Visual Studio Version 16
VisualStudioVersion = 16.0.31229.75
MinimumVisualStudioVersion = 10.0.40219.1
Project("{8BC9CEB8-8B4A-11D0-8D11-00A0C91BC942}") = "!11А", "!11\!11.vcxproj", "{3CB8739E-610C-4EB9-815A-D6D52434BBB2}"
EndProject
Project("{8BC9CEB8-8B4A-11D0-8D11-00A0C91BC942}") = "!11Б", "!11Б\!11Б.vcxproj", "{308195E0-3CC6-4836-9C80-8F77BFCAC883}"
EndProject
Global
	GlobalSection(SolutionConfigurationPlatforms) = preSolution
		Debug|x64 = Debug|x64
		Debug|x86 = Debug|x86
		Release|x64 = Release|x64
		Release|x86 = Release|x86
	EndGlobalSection
	GlobalSection(ProjectConfigurationPlatforms) = postSolution
		{3CB8739E-610C-4EB9-815A-D6D52434BBB2}.Debug|x64.ActiveCfg = Debug|x64
		{3CB8739E-610C-4EB9-815A-D6D52434BBB2}.Debug|x64.Build.0 = Debug|x64
		{3CB8739E-610C-4EB9-815A-D6D52434BBB2}.Debug|x86.ActiveCfg = Debug|Win32
		{3CB8739E-610C-4EB9-815A-D6D52434BBB2}.Debug|x86.Build.0 = Debug|Win32
		{3CB8739E-610C-4EB9-815A-D6D52434BBB2}.Release|x64.ActiveCfg = Release|x64
		{3CB8739E-610C-4EB9-815A-D6D52434BBB2}.Release|x64.Build.0 = Release|x64
		{3CB8739E-610C-4EB9-815A-D6D52434BBB2}.Release|x86.ActiveCfg = Release|Win32
		{3CB8739E-610C-4EB9-815A-D6D52434BBB2}.Release|x86.Build.0 = Release|Win32
		{308195E0-3CC6-4836-9C80-8F77BFCAC883}.Debug|x64.ActiveCfg = Debug|x64
		{308195E0-3CC6-4836-9C80-8F77BFCAC883}.Debug|x64.Build.0 = Debug|x64
		{308195E0-3CC6-4836-9C80-8F77BFCAC883}.Debug|x86.ActiveCfg = Debug|Win32
		{308195E0-3CC6-4836-9C80-8F77BFCAC883}.Debug|x86.Build.0 = Debug|Win32
		{308195E0-3CC6-4836-9C80-8F77BFCAC883}.Release|x64.ActiveCfg = Release|x64
		{308195E0-3CC6-4836-9C80-8F77BFCAC883}.Release|x64.Build.0 = Release|x64
		{308195E0-3CC6-4836-9C80-8F77BFCAC883}.Release|x86.ActiveCfg = Release|Win32
		{308195E0-3CC6-4836-9C80-8F77BFCAC883}.Release|x86.Build.0 = Release|Win32
	EndGlobalSection
	GlobalSection(SolutionProperties) = preSolution
		HideSolutionNode = FALSE
	EndGlobalSection
	GlobalSection(ExtensibilityGlobals) = postSolution
		SolutionGuid = {8C043622-0AC6-40B6-96F9-64F5B24BC35F}
	EndGlobalSection
EndGlobal
